// !$*UTF8*$!
{
	archiveVersion = 1;
	classes = {
	};
	objectVersion = 56;
	objects = {

/* Begin PBXBuildFile section */
		3F86370A2AF9C22000AD08DC /* In_Class_Activity_Pro_IPhone_Ch6_Understanding_Data_PersistenceApp.swift in Sources */ = {isa = PBXBuildFile; fileRef = 3F8637092AF9C22000AD08DC /* In_Class_Activity_Pro_IPhone_Ch6_Understanding_Data_PersistenceApp.swift */; };
		3F86370C2AF9C22000AD08DC /* ContentView.swift in Sources */ = {isa = PBXBuildFile; fileRef = 3F86370B2AF9C22000AD08DC /* ContentView.swift */; };
		3F86370E2AF9C22400AD08DC /* Assets.xcassets in Resources */ = {isa = PBXBuildFile; fileRef = 3F86370D2AF9C22400AD08DC /* Assets.xcassets */; };
		3F8637112AF9C22400AD08DC /* Preview Assets.xcassets in Resources */ = {isa = PBXBuildFile; fileRef = 3F8637102AF9C22400AD08DC /* Preview Assets.xcassets */; };
		3F874F942AF9E17E00130018 /* DataModel.xcdatamodeld in Sources */ = {isa = PBXBuildFile; fileRef = 3F874F922AF9E17E00130018 /* DataModel.xcdatamodeld */; };
		3F874F962AF9E51100130018 /* CoreDataManager.swift in Sources */ = {isa = PBXBuildFile; fileRef = 3F874F952AF9E51100130018 /* CoreDataManager.swift */; };
/* End PBXBuildFile section */

/* Begin PBXFileReference section */
		3F8637062AF9C22000AD08DC /* In-Class Activity Pro IPhone Ch6 Understanding Data Persistence.app */ = {isa = PBXFileReference; explicitFileType = wrapper.application; includeInIndex = 0; path = "In-Class Activity Pro IPhone Ch6 Understanding Data Persistence.app"; sourceTree = BUILT_PRODUCTS_DIR; };
		3F8637092AF9C22000AD08DC /* In_Class_Activity_Pro_IPhone_Ch6_Understanding_Data_PersistenceApp.swift */ = {isa = PBXFileReference; lastKnownFileType = sourcecode.swift; path = In_Class_Activity_Pro_IPhone_Ch6_Understanding_Data_PersistenceApp.swift; sourceTree = "<group>"; };
		3F86370B2AF9C22000AD08DC /* ContentView.swift */ = {isa = PBXFileReference; lastKnownFileType = sourcecode.swift; path = ContentView.swift; sourceTree = "<group>"; };
		3F86370D2AF9C22400AD08DC /* Assets.xcassets */ = {isa = PBXFileReference; lastKnownFileType = folder.assetcatalog; path = Assets.xcassets; sourceTree = "<group>"; };
		3F8637102AF9C22400AD08DC /* Preview Assets.xcassets */ = {isa = PBXFileReference; lastKnownFileType = folder.assetcatalog; path = "Preview Assets.xcassets"; sourceTree = "<group>"; };
		3F874F932AF9E17E00130018 /* DataModel.xcdatamodel */ = {isa = PBXFileReference; lastKnownFileType = wrapper.xcdatamodel; path = DataModel.xcdatamodel; sourceTree = "<group>"; };
		3F874F952AF9E51100130018 /* CoreDataManager.swift */ = {isa = PBXFileReference; lastKnownFileType = sourcecode.swift; path = CoreDataManager.swift; sourceTree = "<group>"; };
/* End PBXFileReference section */

/* Begin PBXFrameworksBuildPhase section */
		3F8637032AF9C22000AD08DC /* Frameworks */ = {
			isa = PBXFrameworksBuildPhase;
			buildActionMask = 2147483647;
			files = (
			);
			runOnlyForDeploymentPostprocessing = 0;
		};
/* End PBXFrameworksBuildPhase section */

/* Begin PBXGroup section */
		3F8636FD2AF9C22000AD08DC = {
			isa = PBXGroup;
			children = (
				3F8637082AF9C22000AD08DC /* In-Class Activity Pro IPhone Ch6 Understanding Data Persistence */,
				3F8637072AF9C22000AD08DC /* Products */,
			);
			sourceTree = "<group>";
		};
		3F8637072AF9C22000AD08DC /* Products */ = {
			isa = PBXGroup;
			children = (
				3F8637062AF9C22000AD08DC /* In-Class Activity Pro IPhone Ch6 Understanding Data Persistence.app */,
			);
			name = Products;
			sourceTree = "<group>";
		};
		3F8637082AF9C22000AD08DC /* In-Class Activity Pro IPhone Ch6 Understanding Data Persistence */ = {
			isa = PBXGroup;
			children = (
				3F8637092AF9C22000AD08DC /* In_Class_Activity_Pro_IPhone_Ch6_Understanding_Data_PersistenceApp.swift */,
				3F874F922AF9E17E00130018 /* DataModel.xcdatamodeld */,
				3F874F952AF9E51100130018 /* CoreDataManager.swift */,
				3F86370B2AF9C22000AD08DC /* ContentView.swift */,
				3F86370D2AF9C22400AD08DC /* Assets.xcassets */,
				3F86370F2AF9C22400AD08DC /* Preview Content */,
			);
			path = "In-Class Activity Pro IPhone Ch6 Understanding Data Persistence";
			sourceTree = "<group>";
		};
		3F86370F2AF9C22400AD08DC /* Preview Content */ = {
			isa = PBXGroup;
			children = (
				3F8637102AF9C22400AD08DC /* Preview Assets.xcassets */,
			);
			path = "Preview Content";
			sourceTree = "<group>";
		};
/* End PBXGroup section */

/* Begin PBXNativeTarget section */
		3F8637052AF9C22000AD08DC /* In-Class Activity Pro IPhone Ch6 Understanding Data Persistence */ = {
			isa = PBXNativeTarget;
			buildConfigurationList = 3F8637142AF9C22400AD08DC /* Build configuration list for PBXNativeTarget "In-Class Activity Pro IPhone Ch6 Understanding Data Persistence" */;
			buildPhases = (
				3F8637022AF9C22000AD08DC /* Sources */,
				3F8637032AF9C22000AD08DC /* Frameworks */,
				3F8637042AF9C22000AD08DC /* Resources */,
			);
			buildRules = (
			);
			dependencies = (
			);
			name = "In-Class Activity Pro IPhone Ch6 Understanding Data Persistence";
			productName = "In-Class Activity Pro IPhone Ch6 Understanding Data Persistence";
			productReference = 3F8637062AF9C22000AD08DC /* In-Class Activity Pro IPhone Ch6 Understanding Data Persistence.app */;
			productType = "com.apple.product-type.application";
		};
/* End PBXNativeTarget section */

/* Begin PBXProject section */
		3F8636FE2AF9C22000AD08DC /* Project object */ = {
			isa = PBXProject;
			attributes = {
				BuildIndependentTargetsInParallel = 1;
				LastSwiftUpdateCheck = 1500;
				LastUpgradeCheck = 1500;
				TargetAttributes = {
					3F8637052AF9C22000AD08DC = {
						CreatedOnToolsVersion = 15.0.1;
					};
				};
			};
			buildConfigurationList = 3F8637012AF9C22000AD08DC /* Build configuration list for PBXProject "In-Class Activity Pro IPhone Ch6 Understanding Data Persistence" */;
			compatibilityVersion = "Xcode 14.0";
			developmentRegion = en;
			hasScannedForEncodings = 0;
			knownRegions = (
				en,
				Base,
			);
			mainGroup = 3F8636FD2AF9C22000AD08DC;
			productRefGroup = 3F8637072AF9C22000AD08DC /* Products */;
			projectDirPath = "";
			projectRoot = "";
			targets = (
				3F8637052AF9C22000AD08DC /* In-Class Activity Pro IPhone Ch6 Understanding Data Persistence */,
			);
		};
/* End PBXProject section */

/* Begin PBXResourcesBuildPhase section */
		3F8637042AF9C22000AD08DC /* Resources */ = {
			isa = PBXResourcesBuildPhase;
			buildActionMask = 2147483647;
			files = (
				3F8637112AF9C22400AD08DC /* Preview Assets.xcassets in Resources */,
				3F86370E2AF9C22400AD08DC /* Assets.xcassets in Resources */,
			);
			runOnlyForDeploymentPostprocessing = 0;
		};
/* End PBXResourcesBuildPhase section */

/* Begin PBXSourcesBuildPhase section */
		3F8637022AF9C22000AD08DC /* Sources */ = {
			isa = PBXSourcesBuildPhase;
			buildActionMask = 2147483647;
			files = (
				3F874F942AF9E17E00130018 /* DataModel.xcdatamodeld in Sources */,
				3F86370C2AF9C22000AD08DC /* ContentView.swift in Sources */,
				3F874F962AF9E51100130018 /* CoreDataManager.swift in Sources */,
				3F86370A2AF9C22000AD08DC /* In_Class_Activity_Pro_IPhone_Ch6_Understanding_Data_PersistenceApp.swift in Sources */,
			);
			runOnlyForDeploymentPostprocessing = 0;
		};
/* End PBXSourcesBuildPhase section */

/* Begin XCBuildConfiguration section */
		3F8637122AF9C22400AD08DC /* Debug */ = {
			isa = XCBuildConfiguration;
			buildSettings = {
				ALWAYS_SEARCH_USER_PATHS = NO;
				ASSETCATALOG_COMPILER_GENERATE_SWIFT_ASSET_SYMBOL_EXTENSIONS = YES;
				CLANG_ANALYZER_NONNULL = YES;
				CLANG_ANALYZER_NUMBER_OBJECT_CONVERSION = YES_AGGRESSIVE;
				CLANG_CXX_LANGUAGE_STANDARD = "gnu++20";
				CLANG_ENABLE_MODULES = YES;
				CLANG_ENABLE_OBJC_ARC = YES;
				CLANG_ENABLE_OBJC_WEAK = YES;
				CLANG_WARN_BLOCK_CAPTURE_AUTORELEASING = YES;
				CLANG_WARN_BOOL_CONVERSION = YES;
				CLANG_WARN_COMMA = YES;
				CLANG_WARN_CONSTANT_CONVERSION = YES;
				CLANG_WARN_DEPRECATED_OBJC_IMPLEMENTATIONS = YES;
				CLANG_WARN_DIRECT_OBJC_ISA_USAGE = YES_ERROR;
				CLANG_WARN_DOCUMENTATION_COMMENTS = YES;
				CLANG_WARN_EMPTY_BODY = YES;
				CLANG_WARN_ENUM_CONVERSION = YES;
				CLANG_WARN_INFINITE_RECURSION = YES;
				CLANG_WARN_INT_CONVERSION = YES;
				CLANG_WARN_NON_LITERAL_NULL_CONVERSION = YES;
				CLANG_WARN_OBJC_IMPLICIT_RETAIN_SELF = YES;
				CLANG_WARN_OBJC_LITERAL_CONVERSION = YES;
				CLANG_WARN_OBJC_ROOT_CLASS = YES_ERROR;
				CLANG_WARN_QUOTED_INCLUDE_IN_FRAMEWORK_HEADER = YES;
				CLANG_WARN_RANGE_LOOP_ANALYSIS = YES;
				CLANG_WARN_STRICT_PROTOTYPES = YES;
				CLANG_WARN_SUSPICIOUS_MOVE = YES;
				CLANG_WARN_UNGUARDED_AVAILABILITY = YES_AGGRESSIVE;
				CLANG_WARN_UNREACHABLE_CODE = YES;
				CLANG_WARN__DUPLICATE_METHOD_MATCH = YES;
				COPY_PHASE_STRIP = NO;
				DEBUG_INFORMATION_FORMAT = dwarf;
				ENABLE_STRICT_OBJC_MSGSEND = YES;
				ENABLE_TESTABILITY = YES;
				ENABLE_USER_SCRIPT_SANDBOXING = YES;
				GCC_C_LANGUAGE_STANDARD = gnu17;
				GCC_DYNAMIC_NO_PIC = NO;
				GCC_NO_COMMON_BLOCKS = YES;
				GCC_OPTIMIZATION_LEVEL = 0;
				GCC_PREPROCESSOR_DEFINITIONS = (
					"DEBUG=1",
					"$(inherited)",
				);
				GCC_WARN_64_TO_32_BIT_CONVERSION = YES;
				GCC_WARN_ABOUT_RETURN_TYPE = YES_ERROR;
				GCC_WARN_UNDECLARED_SELECTOR = YES;
				GCC_WARN_UNINITIALIZED_AUTOS = YES_AGGRESSIVE;
				GCC_WARN_UNUSED_FUNCTION = YES;
				GCC_WARN_UNUSED_VARIABLE = YES;
				IPHONEOS_DEPLOYMENT_TARGET = 17.0;
				LOCALIZATION_PREFERS_STRING_CATALOGS = YES;
				MTL_ENABLE_DEBUG_INFO = INCLUDE_SOURCE;
				MTL_FAST_MATH = YES;
				ONLY_ACTIVE_ARCH = YES;
				SDKROOT = iphoneos;
				SWIFT_ACTIVE_COMPILATION_CONDITIONS = "DEBUG $(inherited)";
				SWIFT_OPTIMIZATION_LEVEL = "-Onone";
			};
			name = Debug;
		};
		3F8637132AF9C22400AD08DC /* Release */ = {
			isa = XCBuildConfiguration;
			buildSettings = {
				ALWAYS_SEARCH_USER_PATHS = NO;
				ASSETCATALOG_COMPILER_GENERATE_SWIFT_ASSET_SYMBOL_EXTENSIONS = YES;
				CLANG_ANALYZER_NONNULL = YES;
				CLANG_ANALYZER_NUMBER_OBJECT_CONVERSION = YES_AGGRESSIVE;
				CLANG_CXX_LANGUAGE_STANDARD = "gnu++20";
				CLANG_ENABLE_MODULES = YES;
				CLANG_ENABLE_OBJC_ARC = YES;
				CLANG_ENABLE_OBJC_WEAK = YES;
				CLANG_WARN_BLOCK_CAPTURE_AUTORELEASING = YES;
				CLANG_WARN_BOOL_CONVERSION = YES;
				CLANG_WARN_COMMA = YES;
				CLANG_WARN_CONSTANT_CONVERSION = YES;
				CLANG_WARN_DEPRECATED_OBJC_IMPLEMENTATIONS = YES;
				CLANG_WARN_DIRECT_OBJC_ISA_USAGE = YES_ERROR;
				CLANG_WARN_DOCUMENTATION_COMMENTS = YES;
				CLANG_WARN_EMPTY_BODY = YES;
				CLANG_WARN_ENUM_CONVERSION = YES;
				CLANG_WARN_INFINITE_RECURSION = YES;
				CLANG_WARN_INT_CONVERSION = YES;
				CLANG_WARN_NON_LITERAL_NULL_CONVERSION = YES;
				CLANG_WARN_OBJC_IMPLICIT_RETAIN_SELF = YES;
				CLANG_WARN_OBJC_LITERAL_CONVERSION = YES;
				CLANG_WARN_OBJC_ROOT_CLASS = YES_ERROR;
				CLANG_WARN_QUOTED_INCLUDE_IN_FRAMEWORK_HEADER = YES;
				CLANG_WARN_RANGE_LOOP_ANALYSIS = YES;
				CLANG_WARN_STRICT_PROTOTYPES = YES;
				CLANG_WARN_SUSPICIOUS_MOVE = YES;
				CLANG_WARN_UNGUARDED_AVAILABILITY = YES_AGGRESSIVE;
				CLANG_WARN_UNREACHABLE_CODE = YES;
				CLANG_WARN__DUPLICATE_METHOD_MATCH = YES;
				COPY_PHASE_STRIP = NO;
				DEBUG_INFORMATION_FORMAT = "dwarf-with-dsym";
				ENABLE_NS_ASSERTIONS = NO;
				ENABLE_STRICT_OBJC_MSGSEND = YES;
				ENABLE_USER_SCRIPT_SANDBOXING = YES;
				GCC_C_LANGUAGE_STANDARD = gnu17;
				GCC_NO_COMMON_BLOCKS = YES;
				GCC_WARN_64_TO_32_BIT_CONVERSION = YES;
				GCC_WARN_ABOUT_RETURN_TYPE = YES_ERROR;
				GCC_WARN_UNDECLARED_SELECTOR = YES;
				GCC_WARN_UNINITIALIZED_AUTOS = YES_AGGRESSIVE;
				GCC_WARN_UNUSED_FUNCTION = YES;
				GCC_WARN_UNUSED_VARIABLE = YES;
				IPHONEOS_DEPLOYMENT_TARGET = 17.0;
				LOCALIZATION_PREFERS_STRING_CATALOGS = YES;
				MTL_ENABLE_DEBUG_INFO = NO;
				MTL_FAST_MATH = YES;
				SDKROOT = iphoneos;
				SWIFT_COMPILATION_MODE = wholemodule;
				VALIDATE_PRODUCT = YES;
			};
			name = Release;
		};
		3F8637152AF9C22400AD08DC /* Debug */ = {
			isa = XCBuildConfiguration;
			buildSettings = {
				ASSETCATALOG_COMPILER_APPICON_NAME = AppIcon;
				ASSETCATALOG_COMPILER_GLOBAL_ACCENT_COLOR_NAME = AccentColor;
				CODE_SIGN_STYLE = Automatic;
				CURRENT_PROJECT_VERSION = 1;
				DEVELOPMENT_ASSET_PATHS = "\"In-Class Activity Pro IPhone Ch6 Understanding Data Persistence/Preview Content\"";
				ENABLE_PREVIEWS = YES;
				GENERATE_INFOPLIST_FILE = YES;
				INFOPLIST_KEY_UIApplicationSceneManifest_Generation = YES;
				INFOPLIST_KEY_UIApplicationSupportsIndirectInputEvents = YES;
				INFOPLIST_KEY_UILaunchScreen_Generation = YES;
				INFOPLIST_KEY_UISupportedInterfaceOrientations_iPad = "UIInterfaceOrientationPortrait UIInterfaceOrientationPortraitUpsideDown UIInterfaceOrientationLandscapeLeft UIInterfaceOrientationLandscapeRight";
				INFOPLIST_KEY_UISupportedInterfaceOrientations_iPhone = "UIInterfaceOrientationPortrait UIInterfaceOrientationLandscapeLeft UIInterfaceOrientationLandscapeRight";
				LD_RUNPATH_SEARCH_PATHS = (
					"$(inherited)",
					"@executable_path/Frameworks",
				);
				MARKETING_VERSION = 1.0;
				PRODUCT_BUNDLE_IDENTIFIER = "MobileApps-Cascadia.In-Class-Activity-Pro-IPhone-Ch6-Understanding-Data-Persistence";
				PRODUCT_NAME = "$(TARGET_NAME)";
				SWIFT_EMIT_LOC_STRINGS = YES;
				SWIFT_VERSION = 5.0;
				TARGETED_DEVICE_FAMILY = "1,2";
			};
			name = Debug;
		};
		3F8637162AF9C22400AD08DC /* Release */ = {
			isa = XCBuildConfiguration;
			buildSettings = {
				ASSETCATALOG_COMPILER_APPICON_NAME = AppIcon;
				ASSETCATALOG_COMPILER_GLOBAL_ACCENT_COLOR_NAME = AccentColor;
				CODE_SIGN_STYLE = Automatic;
				CURRENT_PROJECT_VERSION = 1;
				DEVELOPMENT_ASSET_PATHS = "\"In-Class Activity Pro IPhone Ch6 Understanding Data Persistence/Preview Content\"";
				ENABLE_PREVIEWS = YES;
				GENERATE_INFOPLIST_FILE = YES;
				INFOPLIST_KEY_UIApplicationSceneManifest_Generation = YES;
				INFOPLIST_KEY_UIApplicationSupportsIndirectInputEvents = YES;
				INFOPLIST_KEY_UILaunchScreen_Generation = YES;
				INFOPLIST_KEY_UISupportedInterfaceOrientations_iPad = "UIInterfaceOrientationPortrait UIInterfaceOrientationPortraitUpsideDown UIInterfaceOrientationLandscapeLeft UIInterfaceOrientationLandscapeRight";
				INFOPLIST_KEY_UISupportedInterfaceOrientations_iPhone = "UIInterfaceOrientationPortrait UIInterfaceOrientationLandscapeLeft UIInterfaceOrientationLandscapeRight";
				LD_RUNPATH_SEARCH_PATHS = (
					"$(inherited)",
					"@executable_path/Frameworks",
				);
				MARKETING_VERSION = 1.0;
				PRODUCT_BUNDLE_IDENTIFIER = "MobileApps-Cascadia.In-Class-Activity-Pro-IPhone-Ch6-Understanding-Data-Persistence";
				PRODUCT_NAME = "$(TARGET_NAME)";
				SWIFT_EMIT_LOC_STRINGS = YES;
				SWIFT_VERSION = 5.0;
				TARGETED_DEVICE_FAMILY = "1,2";
			};
			name = Release;
		};
/* End XCBuildConfiguration section */

/* Begin XCConfigurationList section */
		3F8637012AF9C22000AD08DC /* Build configuration list for PBXProject "In-Class Activity Pro IPhone Ch6 Understanding Data Persistence" */ = {
			isa = XCConfigurationList;
			buildConfigurations = (
				3F8637122AF9C22400AD08DC /* Debug */,
				3F8637132AF9C22400AD08DC /* Release */,
			);
			defaultConfigurationIsVisible = 0;
			defaultConfigurationName = Release;
		};
		3F8637142AF9C22400AD08DC /* Build configuration list for PBXNativeTarget "In-Class Activity Pro IPhone Ch6 Understanding Data Persistence" */ = {
			isa = XCConfigurationList;
			buildConfigurations = (
				3F8637152AF9C22400AD08DC /* Debug */,
				3F8637162AF9C22400AD08DC /* Release */,
			);
			defaultConfigurationIsVisible = 0;
			defaultConfigurationName = Release;
		};
/* End XCConfigurationList section */

/* Begin XCVersionGroup section */
		3F874F922AF9E17E00130018 /* DataModel.xcdatamodeld */ = {
			isa = XCVersionGroup;
			children = (
				3F874F932AF9E17E00130018 /* DataModel.xcdatamodel */,
			);
			currentVersion = 3F874F932AF9E17E00130018 /* DataModel.xcdatamodel */;
			path = DataModel.xcdatamodeld;
			sourceTree = "<group>";
			versionGroupType = wrapper.xcdatamodel;
		};
/* End XCVersionGroup section */
	};
	rootObject = 3F8636FE2AF9C22000AD08DC /* Project object */;
}
